// !$*UTF8*$!
{
	archiveVersion = 1;
	classes = {
	};
	objectVersion = 46;
	objects = {

/* Begin PBXBuildFile section */
		06D69314A0B841E5875FC930 /* libPods-MartianNewsReader.a in Frameworks */ = {isa = PBXBuildFile; fileRef = E9E4778E2E444F66B2A8A0D0 /* libPods-MartianNewsReader.a */; };
		2C0EDDE417CE6E7F007B1718 /* Default-568h@2x.png in Resources */ = {isa = PBXBuildFile; fileRef = 2C0EDDE317CE6E7F007B1718 /* Default-568h@2x.png */; };
		8E869F6A183907E6004C60FF /* NYTCommunicatorTests.m in Sources */ = {isa = PBXBuildFile; fileRef = 8E869F69183907E6004C60FF /* NYTCommunicatorTests.m */; };
		8E869F6B18390AB6004C60FF /* XCTest.framework in Frameworks */ = {isa = PBXBuildFile; fileRef = 8EB67F4118379CC600B75BBE /* XCTest.framework */; };
		944633407C538A9D60AD90BC /* NYTArticleCommunicator.m in Sources */ = {isa = PBXBuildFile; fileRef = 944636D5640FBB464CC8AC18 /* NYTArticleCommunicator.m */; };
		944635796A9B194DFED27C76 /* NYTAppDelegate.m in Sources */ = {isa = PBXBuildFile; fileRef = 944639116685A82AC1F93CBF /* NYTAppDelegate.m */; };
		944637387EDBF3CBF37146DC /* NYTArticleTableViewController.m in Sources */ = {isa = PBXBuildFile; fileRef = 9446350A13D55CB265C364C0 /* NYTArticleTableViewController.m */; };
		94463AD68A982BBADB79A230 /* NYTArticleDetailViewController.m in Sources */ = {isa = PBXBuildFile; fileRef = 944635497DA66EC429E567A6 /* NYTArticleDetailViewController.m */; };
		94463E8E6C5310F0BE86F610 /* NYTInspectableArticleCommunicator.m in Sources */ = {isa = PBXBuildFile; fileRef = 944631F2F693A34C775ADD10 /* NYTInspectableArticleCommunicator.m */; };
		94463FD1165B52E72A9D6F61 /* NYTArticleManager.m in Sources */ = {isa = PBXBuildFile; fileRef = 94463FE12F96C5C16CAAA1A2 /* NYTArticleManager.m */; };
		DF181A39157F9D3000126FF1 /* UIKit.framework in Frameworks */ = {isa = PBXBuildFile; fileRef = DF181A38157F9D3000126FF1 /* UIKit.framework */; };
		DF181A3B157F9D3000126FF1 /* Foundation.framework in Frameworks */ = {isa = PBXBuildFile; fileRef = DF181A3A157F9D3000126FF1 /* Foundation.framework */; };
		DF181A3D157F9D3000126FF1 /* CoreGraphics.framework in Frameworks */ = {isa = PBXBuildFile; fileRef = DF181A3C157F9D3000126FF1 /* CoreGraphics.framework */; };
		DF181A43157F9D3000126FF1 /* InfoPlist.strings in Resources */ = {isa = PBXBuildFile; fileRef = DF181A41157F9D3000126FF1 /* InfoPlist.strings */; };
		DF181A45157F9D3000126FF1 /* main.m in Sources */ = {isa = PBXBuildFile; fileRef = DF181A44157F9D3000126FF1 /* main.m */; };
		DF181A58157F9D3100126FF1 /* UIKit.framework in Frameworks */ = {isa = PBXBuildFile; fileRef = DF181A38157F9D3000126FF1 /* UIKit.framework */; };
		DF181A59157F9D3100126FF1 /* Foundation.framework in Frameworks */ = {isa = PBXBuildFile; fileRef = DF181A3A157F9D3000126FF1 /* Foundation.framework */; };
		DF181A61157F9D3100126FF1 /* InfoPlist.strings in Resources */ = {isa = PBXBuildFile; fileRef = DF181A5F157F9D3100126FF1 /* InfoPlist.strings */; };
		DF5198CF159A1D1A00C25B3E /* CoreGraphics.framework in Frameworks */ = {isa = PBXBuildFile; fileRef = DF181A3C157F9D3000126FF1 /* CoreGraphics.framework */; };
		DF56CCEE15867F7A0097808B /* NYTArticleListProviderTests.m in Sources */ = {isa = PBXBuildFile; fileRef = DF56CCED15867F7A0097808B /* NYTArticleListProviderTests.m */; };
/* End PBXBuildFile section */

/* Begin PBXContainerItemProxy section */
		DF181A5A157F9D3100126FF1 /* PBXContainerItemProxy */ = {
			isa = PBXContainerItemProxy;
			containerPortal = DF181A2B157F9D2E00126FF1 /* Project object */;
			proxyType = 1;
			remoteGlobalIDString = DF181A33157F9D3000126FF1;
			remoteInfo = MartianNewsReader;
		};
/* End PBXContainerItemProxy section */

/* Begin PBXFileReference section */
		2C0EDDE317CE6E7F007B1718 /* Default-568h@2x.png */ = {isa = PBXFileReference; lastKnownFileType = image.png; name = "Default-568h@2x.png"; path = "../Default-568h@2x.png"; sourceTree = "<group>"; };
		3A174B941C48408EA99A93EA /* Pods-MartianNewsReaderTests.xcconfig */ = {isa = PBXFileReference; includeInIndex = 1; lastKnownFileType = text.xcconfig; name = "Pods-MartianNewsReaderTests.xcconfig"; path = "Pods/Pods-MartianNewsReaderTests.xcconfig"; sourceTree = "<group>"; };
		8E869F68183907E6004C60FF /* NYTCommunicatorTests.h */ = {isa = PBXFileReference; fileEncoding = 4; lastKnownFileType = sourcecode.c.h; path = NYTCommunicatorTests.h; sourceTree = "<group>"; };
		8E869F69183907E6004C60FF /* NYTCommunicatorTests.m */ = {isa = PBXFileReference; fileEncoding = 4; lastKnownFileType = sourcecode.c.objc; path = NYTCommunicatorTests.m; sourceTree = "<group>"; };
		8EB67F4118379CC600B75BBE /* XCTest.framework */ = {isa = PBXFileReference; lastKnownFileType = wrapper.framework; name = XCTest.framework; path = Library/Frameworks/XCTest.framework; sourceTree = DEVELOPER_DIR; };
		94463111032062E84791F849 /* NYTArticleTableViewController.h */ = {isa = PBXFileReference; fileEncoding = 4; lastKnownFileType = sourcecode.c.h; path = NYTArticleTableViewController.h; sourceTree = "<group>"; };
		944631F2F693A34C775ADD10 /* NYTInspectableArticleCommunicator.m */ = {isa = PBXFileReference; fileEncoding = 4; lastKnownFileType = sourcecode.c.objc; path = NYTInspectableArticleCommunicator.m; sourceTree = "<group>"; };
		9446350A13D55CB265C364C0 /* NYTArticleTableViewController.m */ = {isa = PBXFileReference; fileEncoding = 4; lastKnownFileType = sourcecode.c.objc; path = NYTArticleTableViewController.m; sourceTree = "<group>"; };
		944635497DA66EC429E567A6 /* NYTArticleDetailViewController.m */ = {isa = PBXFileReference; fileEncoding = 4; lastKnownFileType = sourcecode.c.objc; path = NYTArticleDetailViewController.m; sourceTree = "<group>"; };
		9446365ABDE678E73F021F4A /* NYTArticleCommunicator.h */ = {isa = PBXFileReference; fileEncoding = 4; lastKnownFileType = sourcecode.c.h; path = NYTArticleCommunicator.h; sourceTree = "<group>"; };
		944636D5640FBB464CC8AC18 /* NYTArticleCommunicator.m */ = {isa = PBXFileReference; fileEncoding = 4; lastKnownFileType = sourcecode.c.objc; path = NYTArticleCommunicator.m; sourceTree = "<group>"; };
		944639116685A82AC1F93CBF /* NYTAppDelegate.m */ = {isa = PBXFileReference; fileEncoding = 4; lastKnownFileType = sourcecode.c.objc; path = NYTAppDelegate.m; sourceTree = "<group>"; };
		94463916657A96B61FE2F86C /* NYTArticleDetailViewController.h */ = {isa = PBXFileReference; fileEncoding = 4; lastKnownFileType = sourcecode.c.h; path = NYTArticleDetailViewController.h; sourceTree = "<group>"; };
		944639AE33D9A16298DE8AF1 /* NYTArticleManager.h */ = {isa = PBXFileReference; fileEncoding = 4; lastKnownFileType = sourcecode.c.h; path = NYTArticleManager.h; sourceTree = "<group>"; };
		94463D89E17B1136D3300ECF /* NYTAppDelegate.h */ = {isa = PBXFileReference; fileEncoding = 4; lastKnownFileType = sourcecode.c.h; path = NYTAppDelegate.h; sourceTree = "<group>"; };
		94463F84B356E317AC331B6F /* NYTInspectableArticleCommunicator.h */ = {isa = PBXFileReference; fileEncoding = 4; lastKnownFileType = sourcecode.c.h; path = NYTInspectableArticleCommunicator.h; sourceTree = "<group>"; };
		94463FE12F96C5C16CAAA1A2 /* NYTArticleManager.m */ = {isa = PBXFileReference; fileEncoding = 4; lastKnownFileType = sourcecode.c.objc; path = NYTArticleManager.m; sourceTree = "<group>"; };
		9A81D69BC08241B4A59A2599 /* libPods-MartianNewsReaderTests.a */ = {isa = PBXFileReference; explicitFileType = archive.ar; includeInIndex = 0; path = "libPods-MartianNewsReaderTests.a"; sourceTree = BUILT_PRODUCTS_DIR; };
		DF181A34157F9D3000126FF1 /* MartianNewsReader.app */ = {isa = PBXFileReference; explicitFileType = wrapper.application; includeInIndex = 0; path = MartianNewsReader.app; sourceTree = BUILT_PRODUCTS_DIR; };
		DF181A38157F9D3000126FF1 /* UIKit.framework */ = {isa = PBXFileReference; lastKnownFileType = wrapper.framework; name = UIKit.framework; path = System/Library/Frameworks/UIKit.framework; sourceTree = SDKROOT; };
		DF181A3A157F9D3000126FF1 /* Foundation.framework */ = {isa = PBXFileReference; lastKnownFileType = wrapper.framework; name = Foundation.framework; path = System/Library/Frameworks/Foundation.framework; sourceTree = SDKROOT; };
		DF181A3C157F9D3000126FF1 /* CoreGraphics.framework */ = {isa = PBXFileReference; lastKnownFileType = wrapper.framework; name = CoreGraphics.framework; path = System/Library/Frameworks/CoreGraphics.framework; sourceTree = SDKROOT; };
		DF181A40157F9D3000126FF1 /* MartianNewsReader-Info.plist */ = {isa = PBXFileReference; lastKnownFileType = text.plist.xml; path = "MartianNewsReader-Info.plist"; sourceTree = "<group>"; };
		DF181A42157F9D3000126FF1 /* en */ = {isa = PBXFileReference; lastKnownFileType = text.plist.strings; name = en; path = en.lproj/InfoPlist.strings; sourceTree = "<group>"; };
		DF181A44157F9D3000126FF1 /* main.m */ = {isa = PBXFileReference; lastKnownFileType = sourcecode.c.objc; path = main.m; sourceTree = "<group>"; };
		DF181A46157F9D3100126FF1 /* MartianNewsReader-Prefix.pch */ = {isa = PBXFileReference; lastKnownFileType = sourcecode.c.h; path = "MartianNewsReader-Prefix.pch"; sourceTree = "<group>"; };
		DF181A55157F9D3100126FF1 /* MartianNewsReaderTests.xctest */ = {isa = PBXFileReference; explicitFileType = wrapper.cfbundle; includeInIndex = 0; path = MartianNewsReaderTests.xctest; sourceTree = BUILT_PRODUCTS_DIR; };
		DF181A56157F9D3100126FF1 /* SenTestingKit.framework */ = {isa = PBXFileReference; lastKnownFileType = wrapper.framework; name = SenTestingKit.framework; path = Library/Frameworks/SenTestingKit.framework; sourceTree = DEVELOPER_DIR; };
		DF181A5E157F9D3100126FF1 /* MartianNewsReaderTests-Info.plist */ = {isa = PBXFileReference; lastKnownFileType = text.plist.xml; path = "MartianNewsReaderTests-Info.plist"; sourceTree = "<group>"; };
		DF181A60157F9D3100126FF1 /* en */ = {isa = PBXFileReference; lastKnownFileType = text.plist.strings; name = en; path = en.lproj/InfoPlist.strings; sourceTree = "<group>"; };
		DF56CCED15867F7A0097808B /* NYTArticleListProviderTests.m */ = {isa = PBXFileReference; fileEncoding = 4; lastKnownFileType = sourcecode.c.objc; path = NYTArticleListProviderTests.m; sourceTree = "<group>"; };
		E9E4778E2E444F66B2A8A0D0 /* libPods-MartianNewsReader.a */ = {isa = PBXFileReference; explicitFileType = archive.ar; includeInIndex = 0; path = "libPods-MartianNewsReader.a"; sourceTree = BUILT_PRODUCTS_DIR; };
		FCCADB31FE564CC7BF0B98BB /* Pods-MartianNewsReader.xcconfig */ = {isa = PBXFileReference; includeInIndex = 1; lastKnownFileType = text.xcconfig; name = "Pods-MartianNewsReader.xcconfig"; path = "Pods/Pods-MartianNewsReader.xcconfig"; sourceTree = "<group>"; };
/* End PBXFileReference section */

/* Begin PBXFrameworksBuildPhase section */
		DF181A31157F9D3000126FF1 /* Frameworks */ = {
			isa = PBXFrameworksBuildPhase;
			buildActionMask = 2147483647;
			files = (
				DF181A39157F9D3000126FF1 /* UIKit.framework in Frameworks */,
				DF181A3B157F9D3000126FF1 /* Foundation.framework in Frameworks */,
				DF181A3D157F9D3000126FF1 /* CoreGraphics.framework in Frameworks */,
				06D69314A0B841E5875FC930 /* libPods-MartianNewsReader.a in Frameworks */,
			);
			runOnlyForDeploymentPostprocessing = 0;
		};
		DF181A51157F9D3100126FF1 /* Frameworks */ = {
			isa = PBXFrameworksBuildPhase;
			buildActionMask = 2147483647;
			files = (
				8E869F6B18390AB6004C60FF /* XCTest.framework in Frameworks */,
				DF5198CF159A1D1A00C25B3E /* CoreGraphics.framework in Frameworks */,
				DF181A58157F9D3100126FF1 /* UIKit.framework in Frameworks */,
				DF181A59157F9D3100126FF1 /* Foundation.framework in Frameworks */,
			);
			runOnlyForDeploymentPostprocessing = 0;
		};
/* End PBXFrameworksBuildPhase section */

/* Begin PBXGroup section */
		94463048DEEF15A09A68A417 /* management */ = {
			isa = PBXGroup;
			children = (
				944639AE33D9A16298DE8AF1 /* NYTArticleManager.h */,
				94463FE12F96C5C16CAAA1A2 /* NYTArticleManager.m */,
				944636D5640FBB464CC8AC18 /* NYTArticleCommunicator.m */,
				9446365ABDE678E73F021F4A /* NYTArticleCommunicator.h */,
			);
			path = management;
			sourceTree = "<group>";
		};
		944637D9537777396593FD6C /* delegates */ = {
			isa = PBXGroup;
			children = (
				94463D89E17B1136D3300ECF /* NYTAppDelegate.h */,
				944639116685A82AC1F93CBF /* NYTAppDelegate.m */,
			);
			path = delegates;
			sourceTree = "<group>";
		};
		94463841CCA9835486D87BA1 /* classes */ = {
			isa = PBXGroup;
			children = (
				944637D9537777396593FD6C /* delegates */,
				94463048DEEF15A09A68A417 /* management */,
				94463F1E497DC5B8FA47937A /* controllers */,
			);
			path = classes;
			sourceTree = "<group>";
		};
		94463F1323B9B1E769F5ED07 /* mocks */ = {
			isa = PBXGroup;
			children = (
				94463F84B356E317AC331B6F /* NYTInspectableArticleCommunicator.h */,
				944631F2F693A34C775ADD10 /* NYTInspectableArticleCommunicator.m */,
			);
			path = mocks;
			sourceTree = "<group>";
		};
		94463F1E497DC5B8FA47937A /* controllers */ = {
			isa = PBXGroup;
			children = (
				94463111032062E84791F849 /* NYTArticleTableViewController.h */,
				9446350A13D55CB265C364C0 /* NYTArticleTableViewController.m */,
				94463916657A96B61FE2F86C /* NYTArticleDetailViewController.h */,
				944635497DA66EC429E567A6 /* NYTArticleDetailViewController.m */,
			);
			path = controllers;
			sourceTree = "<group>";
		};
		94463FBAFB268006A298C8E6 /* management */ = {
			isa = PBXGroup;
			children = (
				8E869F68183907E6004C60FF /* NYTCommunicatorTests.h */,
				8E869F69183907E6004C60FF /* NYTCommunicatorTests.m */,
			);
			path = management;
			sourceTree = "<group>";
		};
		DF181A29157F9D2E00126FF1 = {
			isa = PBXGroup;
			children = (
				DF181A3E157F9D3000126FF1 /* MartianNewsReader */,
				DF181A5C157F9D3100126FF1 /* MartianNewsReaderTests */,
				DF181A37157F9D3000126FF1 /* Frameworks */,
				DF181A35157F9D3000126FF1 /* Products */,
				FCCADB31FE564CC7BF0B98BB /* Pods-MartianNewsReader.xcconfig */,
				3A174B941C48408EA99A93EA /* Pods-MartianNewsReaderTests.xcconfig */,
			);
			sourceTree = "<group>";
		};
		DF181A35157F9D3000126FF1 /* Products */ = {
			isa = PBXGroup;
			children = (
				DF181A34157F9D3000126FF1 /* MartianNewsReader.app */,
				DF181A55157F9D3100126FF1 /* MartianNewsReaderTests.xctest */,
			);
			name = Products;
			sourceTree = "<group>";
		};
		DF181A37157F9D3000126FF1 /* Frameworks */ = {
			isa = PBXGroup;
			children = (
				8EB67F4118379CC600B75BBE /* XCTest.framework */,
				DF181A38157F9D3000126FF1 /* UIKit.framework */,
				DF181A3A157F9D3000126FF1 /* Foundation.framework */,
				DF181A3C157F9D3000126FF1 /* CoreGraphics.framework */,
				DF181A56157F9D3100126FF1 /* SenTestingKit.framework */,
				E9E4778E2E444F66B2A8A0D0 /* libPods-MartianNewsReader.a */,
				9A81D69BC08241B4A59A2599 /* libPods-MartianNewsReaderTests.a */,
			);
			name = Frameworks;
			sourceTree = "<group>";
		};
		DF181A3E157F9D3000126FF1 /* MartianNewsReader */ = {
			isa = PBXGroup;
			children = (
				DF181A3F157F9D3000126FF1 /* Supporting Files */,
				2C0EDDE317CE6E7F007B1718 /* Default-568h@2x.png */,
				94463841CCA9835486D87BA1 /* classes */,
			);
			path = MartianNewsReader;
			sourceTree = "<group>";
		};
		DF181A3F157F9D3000126FF1 /* Supporting Files */ = {
			isa = PBXGroup;
			children = (
				DF181A40157F9D3000126FF1 /* MartianNewsReader-Info.plist */,
				DF181A41157F9D3000126FF1 /* InfoPlist.strings */,
				DF181A44157F9D3000126FF1 /* main.m */,
				DF181A46157F9D3100126FF1 /* MartianNewsReader-Prefix.pch */,
			);
			name = "Supporting Files";
			sourceTree = "<group>";
		};
		DF181A5C157F9D3100126FF1 /* MartianNewsReaderTests */ = {
			isa = PBXGroup;
			children = (
				DF181A5D157F9D3100126FF1 /* Supporting Files */,
				DF56CCED15867F7A0097808B /* NYTArticleListProviderTests.m */,
				94463FBAFB268006A298C8E6 /* management */,
				94463F1323B9B1E769F5ED07 /* mocks */,
			);
			path = MartianNewsReaderTests;
			sourceTree = "<group>";
		};
		DF181A5D157F9D3100126FF1 /* Supporting Files */ = {
			isa = PBXGroup;
			children = (
				DF181A5E157F9D3100126FF1 /* MartianNewsReaderTests-Info.plist */,
				DF181A5F157F9D3100126FF1 /* InfoPlist.strings */,
			);
			name = "Supporting Files";
			sourceTree = "<group>";
		};
/* End PBXGroup section */

/* Begin PBXNativeTarget section */
		DF181A33157F9D3000126FF1 /* MartianNewsReader */ = {
			isa = PBXNativeTarget;
			buildConfigurationList = DF181A67157F9D3100126FF1 /* Build configuration list for PBXNativeTarget "MartianNewsReader" */;
			buildPhases = (
				91555B4C53F148A69AFF6BE0 /* Check Pods Manifest.lock */,
				DF181A30157F9D3000126FF1 /* Sources */,
				DF181A31157F9D3000126FF1 /* Frameworks */,
				DF181A32157F9D3000126FF1 /* Resources */,
				84DD4D9C9D004E69B6590D33 /* Copy Pods Resources */,
			);
			buildRules = (
			);
			dependencies = (
			);
			name = MartianNewsReader;
			productName = MartianNewsReader;
			productReference = DF181A34157F9D3000126FF1 /* MartianNewsReader.app */;
			productType = "com.apple.product-type.application";
		};
		DF181A54157F9D3100126FF1 /* MartianNewsReaderTests */ = {
			isa = PBXNativeTarget;
			buildConfigurationList = DF181A6A157F9D3100126FF1 /* Build configuration list for PBXNativeTarget "MartianNewsReaderTests" */;
			buildPhases = (
				5CBEB857E35649DC85A48AAA /* Check Pods Manifest.lock */,
				DF181A50157F9D3100126FF1 /* Sources */,
				DF181A51157F9D3100126FF1 /* Frameworks */,
				DF181A52157F9D3100126FF1 /* Resources */,
				DF181A53157F9D3100126FF1 /* ShellScript */,
				ADFD95D2DDC146F3AD1C2A71 /* Copy Pods Resources */,
			);
			buildRules = (
			);
			dependencies = (
				DF181A5B157F9D3100126FF1 /* PBXTargetDependency */,
			);
			name = MartianNewsReaderTests;
			productName = MartianNewsReaderTests;
			productReference = DF181A55157F9D3100126FF1 /* MartianNewsReaderTests.xctest */;
			productType = "com.apple.product-type.bundle";
		};
/* End PBXNativeTarget section */

/* Begin PBXProject section */
		DF181A2B157F9D2E00126FF1 /* Project object */ = {
			isa = PBXProject;
			attributes = {
				CLASSPREFIX = NYT;
				LastUpgradeCheck = 0500;
				ORGANIZATIONNAME = "The New York Times Company";
			};
			buildConfigurationList = DF181A2E157F9D2E00126FF1 /* Build configuration list for PBXProject "MartianNewsReader" */;
			compatibilityVersion = "Xcode 3.2";
			developmentRegion = English;
			hasScannedForEncodings = 0;
			knownRegions = (
				en,
			);
			mainGroup = DF181A29157F9D2E00126FF1;
			productRefGroup = DF181A35157F9D3000126FF1 /* Products */;
			projectDirPath = "";
			projectRoot = "";
			targets = (
				DF181A33157F9D3000126FF1 /* MartianNewsReader */,
				DF181A54157F9D3100126FF1 /* MartianNewsReaderTests */,
			);
		};
/* End PBXProject section */

/* Begin PBXResourcesBuildPhase section */
		DF181A32157F9D3000126FF1 /* Resources */ = {
			isa = PBXResourcesBuildPhase;
			buildActionMask = 2147483647;
			files = (
				DF181A43157F9D3000126FF1 /* InfoPlist.strings in Resources */,
				2C0EDDE417CE6E7F007B1718 /* Default-568h@2x.png in Resources */,
			);
			runOnlyForDeploymentPostprocessing = 0;
		};
		DF181A52157F9D3100126FF1 /* Resources */ = {
			isa = PBXResourcesBuildPhase;
			buildActionMask = 2147483647;
			files = (
				DF181A61157F9D3100126FF1 /* InfoPlist.strings in Resources */,
			);
			runOnlyForDeploymentPostprocessing = 0;
		};
/* End PBXResourcesBuildPhase section */

/* Begin PBXShellScriptBuildPhase section */
		5CBEB857E35649DC85A48AAA /* Check Pods Manifest.lock */ = {
			isa = PBXShellScriptBuildPhase;
			buildActionMask = 2147483647;
			files = (
			);
			inputPaths = (
			);
			name = "Check Pods Manifest.lock";
			outputPaths = (
			);
			runOnlyForDeploymentPostprocessing = 0;
			shellPath = /bin/sh;
			shellScript = "diff \"${PODS_ROOT}/../Podfile.lock\" \"${PODS_ROOT}/Manifest.lock\" > /dev/null\nif [[ $? != 0 ]] ; then\n    cat << EOM\nerror: The sandbox is not in sync with the Podfile.lock. Run 'pod install' or update your CocoaPods installation.\nEOM\n    exit 1\nfi\n";
			showEnvVarsInLog = 0;
		};
		84DD4D9C9D004E69B6590D33 /* Copy Pods Resources */ = {
			isa = PBXShellScriptBuildPhase;
			buildActionMask = 2147483647;
			files = (
			);
			inputPaths = (
			);
			name = "Copy Pods Resources";
			outputPaths = (
			);
			runOnlyForDeploymentPostprocessing = 0;
			shellPath = /bin/sh;
			shellScript = "\"${SRCROOT}/Pods/Pods-MartianNewsReader-resources.sh\"\n";
			showEnvVarsInLog = 0;
		};
		91555B4C53F148A69AFF6BE0 /* Check Pods Manifest.lock */ = {
			isa = PBXShellScriptBuildPhase;
			buildActionMask = 2147483647;
			files = (
			);
			inputPaths = (
			);
			name = "Check Pods Manifest.lock";
			outputPaths = (
			);
			runOnlyForDeploymentPostprocessing = 0;
			shellPath = /bin/sh;
			shellScript = "diff \"${PODS_ROOT}/../Podfile.lock\" \"${PODS_ROOT}/Manifest.lock\" > /dev/null\nif [[ $? != 0 ]] ; then\n    cat << EOM\nerror: The sandbox is not in sync with the Podfile.lock. Run 'pod install' or update your CocoaPods installation.\nEOM\n    exit 1\nfi\n";
			showEnvVarsInLog = 0;
		};
		ADFD95D2DDC146F3AD1C2A71 /* Copy Pods Resources */ = {
			isa = PBXShellScriptBuildPhase;
			buildActionMask = 2147483647;
			files = (
			);
			inputPaths = (
			);
			name = "Copy Pods Resources";
			outputPaths = (
			);
			runOnlyForDeploymentPostprocessing = 0;
			shellPath = /bin/sh;
			shellScript = "\"${SRCROOT}/Pods/Pods-MartianNewsReaderTests-resources.sh\"\n";
			showEnvVarsInLog = 0;
		};
		DF181A53157F9D3100126FF1 /* ShellScript */ = {
			isa = PBXShellScriptBuildPhase;
			buildActionMask = 2147483647;
			files = (
			);
			inputPaths = (
			);
			outputPaths = (
			);
			runOnlyForDeploymentPostprocessing = 0;
			shellPath = /bin/sh;
			shellScript = "# Run the unit tests in this test bundle.\n\"${SYSTEM_DEVELOPER_DIR}/Tools/RunUnitTests\"\n";
		};
/* End PBXShellScriptBuildPhase section */

/* Begin PBXSourcesBuildPhase section */
		DF181A30157F9D3000126FF1 /* Sources */ = {
			isa = PBXSourcesBuildPhase;
			buildActionMask = 2147483647;
			files = (
				DF181A45157F9D3000126FF1 /* main.m in Sources */,
				944635796A9B194DFED27C76 /* NYTAppDelegate.m in Sources */,
				94463FD1165B52E72A9D6F61 /* NYTArticleManager.m in Sources */,
				944637387EDBF3CBF37146DC /* NYTArticleTableViewController.m in Sources */,
				94463AD68A982BBADB79A230 /* NYTArticleDetailViewController.m in Sources */,
				944633407C538A9D60AD90BC /* NYTArticleCommunicator.m in Sources */,
			);
			runOnlyForDeploymentPostprocessing = 0;
		};
		DF181A50157F9D3100126FF1 /* Sources */ = {
			isa = PBXSourcesBuildPhase;
			buildActionMask = 2147483647;
			files = (
				8E869F6A183907E6004C60FF /* NYTCommunicatorTests.m in Sources */,
				DF56CCEE15867F7A0097808B /* NYTArticleListProviderTests.m in Sources */,
				94463E8E6C5310F0BE86F610 /* NYTInspectableArticleCommunicator.m in Sources */,
			);
			runOnlyForDeploymentPostprocessing = 0;
		};
/* End PBXSourcesBuildPhase section */

/* Begin PBXTargetDependency section */
		DF181A5B157F9D3100126FF1 /* PBXTargetDependency */ = {
			isa = PBXTargetDependency;
			target = DF181A33157F9D3000126FF1 /* MartianNewsReader */;
			targetProxy = DF181A5A157F9D3100126FF1 /* PBXContainerItemProxy */;
		};
/* End PBXTargetDependency section */

/* Begin PBXVariantGroup section */
		DF181A41157F9D3000126FF1 /* InfoPlist.strings */ = {
			isa = PBXVariantGroup;
			children = (
				DF181A42157F9D3000126FF1 /* en */,
			);
			name = InfoPlist.strings;
			sourceTree = "<group>";
		};
		DF181A5F157F9D3100126FF1 /* InfoPlist.strings */ = {
			isa = PBXVariantGroup;
			children = (
				DF181A60157F9D3100126FF1 /* en */,
			);
			name = InfoPlist.strings;
			sourceTree = "<group>";
		};
/* End PBXVariantGroup section */

/* Begin XCBuildConfiguration section */
		DF181A65157F9D3100126FF1 /* Debug */ = {
			isa = XCBuildConfiguration;
			buildSettings = {
				ALWAYS_SEARCH_USER_PATHS = NO;
				CLANG_WARN_BOOL_CONVERSION = YES;
				CLANG_WARN_CONSTANT_CONVERSION = YES;
				CLANG_WARN_EMPTY_BODY = YES;
				CLANG_WARN_ENUM_CONVERSION = YES;
				CLANG_WARN_INT_CONVERSION = YES;
				CLANG_WARN__DUPLICATE_METHOD_MATCH = YES;
				"CODE_SIGN_IDENTITY[sdk=iphoneos*]" = "iPhone Developer";
				COPY_PHASE_STRIP = NO;
				GCC_C_LANGUAGE_STANDARD = gnu99;
				GCC_DYNAMIC_NO_PIC = NO;
				GCC_OPTIMIZATION_LEVEL = 0;
				GCC_PREPROCESSOR_DEFINITIONS = (
					"DEBUG=1",
					"$(inherited)",
				);
				GCC_SYMBOLS_PRIVATE_EXTERN = NO;
				GCC_VERSION = com.apple.compilers.llvm.clang.1_0;
				GCC_WARN_64_TO_32_BIT_CONVERSION = YES;
				GCC_WARN_ABOUT_RETURN_TYPE = YES;
				GCC_WARN_UNDECLARED_SELECTOR = YES;
				GCC_WARN_UNINITIALIZED_AUTOS = YES;
				GCC_WARN_UNUSED_FUNCTION = YES;
				GCC_WARN_UNUSED_VARIABLE = YES;
				IPHONEOS_DEPLOYMENT_TARGET = 5.1;
				ONLY_ACTIVE_ARCH = YES;
				SDKROOT = iphoneos;
			};
			name = Debug;
		};
		DF181A66157F9D3100126FF1 /* Release */ = {
			isa = XCBuildConfiguration;
			buildSettings = {
				ALWAYS_SEARCH_USER_PATHS = NO;
				CLANG_WARN_BOOL_CONVERSION = YES;
				CLANG_WARN_CONSTANT_CONVERSION = YES;
				CLANG_WARN_EMPTY_BODY = YES;
				CLANG_WARN_ENUM_CONVERSION = YES;
				CLANG_WARN_INT_CONVERSION = YES;
				CLANG_WARN__DUPLICATE_METHOD_MATCH = YES;
				"CODE_SIGN_IDENTITY[sdk=iphoneos*]" = "iPhone Developer";
				COPY_PHASE_STRIP = YES;
				GCC_C_LANGUAGE_STANDARD = gnu99;
				GCC_VERSION = com.apple.compilers.llvm.clang.1_0;
				GCC_WARN_64_TO_32_BIT_CONVERSION = YES;
				GCC_WARN_ABOUT_RETURN_TYPE = YES;
				GCC_WARN_UNDECLARED_SELECTOR = YES;
				GCC_WARN_UNINITIALIZED_AUTOS = YES;
				GCC_WARN_UNUSED_FUNCTION = YES;
				GCC_WARN_UNUSED_VARIABLE = YES;
				IPHONEOS_DEPLOYMENT_TARGET = 5.1;
				OTHER_CFLAGS = "-DNS_BLOCK_ASSERTIONS=1";
				SDKROOT = iphoneos;
				VALIDATE_PRODUCT = YES;
			};
			name = Release;
		};
		DF181A68157F9D3100126FF1 /* Debug */ = {
			isa = XCBuildConfiguration;
			baseConfigurationReference = FCCADB31FE564CC7BF0B98BB /* Pods-MartianNewsReader.xcconfig */;
			buildSettings = {
				CLANG_ENABLE_OBJC_ARC = YES;
				GCC_PRECOMPILE_PREFIX_HEADER = YES;
				GCC_PREFIX_HEADER = "MartianNewsReader/MartianNewsReader-Prefix.pch";
				INFOPLIST_FILE = "MartianNewsReader/MartianNewsReader-Info.plist";
				IPHONEOS_DEPLOYMENT_TARGET = 6.0;
				PRODUCT_NAME = "$(TARGET_NAME)";
				WRAPPER_EXTENSION = app;
			};
			name = Debug;
		};
		DF181A69157F9D3100126FF1 /* Release */ = {
			isa = XCBuildConfiguration;
			baseConfigurationReference = FCCADB31FE564CC7BF0B98BB /* Pods-MartianNewsReader.xcconfig */;
			buildSettings = {
				CLANG_ENABLE_OBJC_ARC = YES;
				GCC_PRECOMPILE_PREFIX_HEADER = YES;
				GCC_PREFIX_HEADER = "MartianNewsReader/MartianNewsReader-Prefix.pch";
				INFOPLIST_FILE = "MartianNewsReader/MartianNewsReader-Info.plist";
				IPHONEOS_DEPLOYMENT_TARGET = 6.0;
				PRODUCT_NAME = "$(TARGET_NAME)";
				WRAPPER_EXTENSION = app;
			};
			name = Release;
		};
		DF181A6B157F9D3100126FF1 /* Debug */ = {
			isa = XCBuildConfiguration;
			baseConfigurationReference = 3A174B941C48408EA99A93EA /* Pods-MartianNewsReaderTests.xcconfig */;
			buildSettings = {
				BUNDLE_LOADER = "$(BUILT_PRODUCTS_DIR)/MartianNewsReader.app/MartianNewsReader";
				CLANG_ENABLE_OBJC_ARC = YES;
				FRAMEWORK_SEARCH_PATHS = (
					"$(SDKROOT)/Developer/Library/Frameworks",
					"$(DEVELOPER_LIBRARY_DIR)/Frameworks",
					"$(DEVELOPER_FRAMEWORKS_DIR)",
				);
				GCC_PRECOMPILE_PREFIX_HEADER = YES;
				GCC_PREFIX_HEADER = "MartianNewsReader/MartianNewsReader-Prefix.pch";
				INFOPLIST_FILE = "MartianNewsReaderTests/MartianNewsReaderTests-Info.plist";
				PRODUCT_NAME = "$(TARGET_NAME)";
				TEST_HOST = "$(BUNDLE_LOADER)";
				WRAPPER_EXTENSION = xctest;
			};
			name = Debug;
		};
		DF181A6C157F9D3100126FF1 /* Release */ = {
			isa = XCBuildConfiguration;
			baseConfigurationReference = 3A174B941C48408EA99A93EA /* Pods-MartianNewsReaderTests.xcconfig */;
			buildSettings = {
				BUNDLE_LOADER = "$(BUILT_PRODUCTS_DIR)/MartianNewsReader.app/MartianNewsReader";
				CLANG_ENABLE_OBJC_ARC = YES;
				FRAMEWORK_SEARCH_PATHS = (
					"$(SDKROOT)/Developer/Library/Frameworks",
					"$(DEVELOPER_LIBRARY_DIR)/Frameworks",
					"$(DEVELOPER_FRAMEWORKS_DIR)",
				);
				GCC_PRECOMPILE_PREFIX_HEADER = YES;
				GCC_PREFIX_HEADER = "MartianNewsReader/MartianNewsReader-Prefix.pch";
				INFOPLIST_FILE = "MartianNewsReaderTests/MartianNewsReaderTests-Info.plist";
				PRODUCT_NAME = "$(TARGET_NAME)";
				TEST_HOST = "$(BUNDLE_LOADER)";
				WRAPPER_EXTENSION = xctest;
			};
			name = Release;
		};
/* End XCBuildConfiguration section */

/* Begin XCConfigurationList section */
		DF181A2E157F9D2E00126FF1 /* Build configuration list for PBXProject "MartianNewsReader" */ = {
			isa = XCConfigurationList;
			buildConfigurations = (
				DF181A65157F9D3100126FF1 /* Debug */,
				DF181A66157F9D3100126FF1 /* Release */,
			);
			defaultConfigurationIsVisible = 0;
			defaultConfigurationName = Release;
		};
		DF181A67157F9D3100126FF1 /* Build configuration list for PBXNativeTarget "MartianNewsReader" */ = {
			isa = XCConfigurationList;
			buildConfigurations = (
				DF181A68157F9D3100126FF1 /* Debug */,
				DF181A69157F9D3100126FF1 /* Release */,
			);
			defaultConfigurationIsVisible = 0;
			defaultConfigurationName = Release;
		};
		DF181A6A157F9D3100126FF1 /* Build configuration list for PBXNativeTarget "MartianNewsReaderTests" */ = {
			isa = XCConfigurationList;
			buildConfigurations = (
				DF181A6B157F9D3100126FF1 /* Debug */,
				DF181A6C157F9D3100126FF1 /* Release */,
			);
			defaultConfigurationIsVisible = 0;
			defaultConfigurationName = Release;
		};
/* End XCConfigurationList section */
	};
	rootObject = DF181A2B157F9D2E00126FF1 /* Project object */;
}
